
Microsoft Visual Studio Solution File, Format Version 12.00
# Visual Studio Version 16
VisualStudioVersion = 16.0.30907.101
MinimumVisualStudioVersion = 10.0.40219.1
Project("{9A19103F-16F7-4668-BE54-9A1E7A4F7556}") = "MoviesWebAPI", "MoviesWebAPI.csproj", "{28F0C556-8CED-49D5-9105-91E439F88CF5}"
EndProject
Project("{E53339B2-1760-4266-BCC7-CA923CBCF16C}") = "docker-compose", "docker-compose.dcproj", "{07A3E3AF-D67F-4A9D-844A-A42AE005B121}"
EndProject
Global
	GlobalSection(SolutionConfigurationPlatforms) = preSolution
		Debug|Any CPU = Debug|Any CPU
		Release|Any CPU = Release|Any CPU
	EndGlobalSection
	GlobalSection(ProjectConfigurationPlatforms) = postSolution
		{28F0C556-8CED-49D5-9105-91E439F88CF5}.Debug|Any CPU.ActiveCfg = Debug|Any CPU
		{28F0C556-8CED-49D5-9105-91E439F88CF5}.Debug|Any CPU.Build.0 = Debug|Any CPU
		{28F0C556-8CED-49D5-9105-91E439F88CF5}.Release|Any CPU.ActiveCfg = Release|Any CPU
		{28F0C556-8CED-49D5-9105-91E439F88CF5}.Release|Any CPU.Build.0 = Release|Any CPU
		{07A3E3AF-D67F-4A9D-844A-A42AE005B121}.Debug|Any CPU.ActiveCfg = Debug|Any CPU
		{07A3E3AF-D67F-4A9D-844A-A42AE005B121}.Debug|Any CPU.Build.0 = Debug|Any CPU
		{07A3E3AF-D67F-4A9D-844A-A42AE005B121}.Release|Any CPU.ActiveCfg = Release|Any CPU
		{07A3E3AF-D67F-4A9D-844A-A42AE005B121}.Release|Any CPU.Build.0 = Release|Any CPU
	EndGlobalSection
	GlobalSection(SolutionProperties) = preSolution
		HideSolutionNode = FALSE
	EndGlobalSection
	GlobalSection(ExtensibilityGlobals) = postSolution
		SolutionGuid = {86272FAB-6565-408F-B023-1CB08E290B78}
	EndGlobalSection
EndGlobal
